
Microsoft Visual Studio Solution File, Format Version 12.00
# Visual Studio Version 17
VisualStudioVersion = 17.8.34511.84
MinimumVisualStudioVersion = 10.0.40219.1
Project("{2150E333-8FDC-42A3-9474-1A3956D46DE8}") = "Application", "Application", "{657FA252-A813-4096-B5BC-736EAB9E1D57}"
EndProject
Project("{2150E333-8FDC-42A3-9474-1A3956D46DE8}") = "Domain", "Domain", "{2F4FC3A2-EDD1-4D0E-866C-C9BDC278B2A2}"
EndProject
Project("{2150E333-8FDC-42A3-9474-1A3956D46DE8}") = "src", "src", "{69E1C783-EE49-4422-B627-0B542F4508D8}"
EndProject
Project("{2150E333-8FDC-42A3-9474-1A3956D46DE8}") = "Infrastructure", "Infrastructure", "{A3673D90-ADA2-48AF-9376-C025E58F0876}"
EndProject
Project("{2150E333-8FDC-42A3-9474-1A3956D46DE8}") = "Presentation", "Presentation", "{35505506-64E2-4C9C-8F66-63150D664142}"
EndProject
Project("{2150E333-8FDC-42A3-9474-1A3956D46DE8}") = "tests", "tests", "{CB63A337-2B2D-4C14-9BE8-C62B3E52089D}"
EndProject
Project("{9A19103F-16F7-4668-BE54-9A1E7A4F7556}") = "CBT3_Application", "CBT3_Application\CBT3_Application.csproj", "{5AB427F8-7BE0-4571-9DD8-2BE6090C5B81}"
EndProject
Project("{9A19103F-16F7-4668-BE54-9A1E7A4F7556}") = "CBT3_Domain", "CBT3_Domain\CBT3_Domain.csproj", "{468B8E20-E40D-4E3C-8F98-1516EB4D8B0B}"
EndProject
Project("{9A19103F-16F7-4668-BE54-9A1E7A4F7556}") = "CBT3_Infrastructure", "CBT3_Infrastructure\CBT3_Infrastructure.csproj", "{022D4C06-E656-4EB7-A3F1-4423EA4FF88C}"
	ProjectSection(ProjectDependencies) = postProject
		{E1AC551C-F58F-42BB-992B-B2E2FDD6402A} = {E1AC551C-F58F-42BB-992B-B2E2FDD6402A}
	EndProjectSection
EndProject
Project("{2150E333-8FDC-42A3-9474-1A3956D46DE8}") = "Shared", "Shared", "{1EB45269-6D33-4965-BEE0-3C25D7FE05AD}"
EndProject
Project("{9A19103F-16F7-4668-BE54-9A1E7A4F7556}") = "CBT3_Shared", "CBT3_Shared\CBT3_Shared.csproj", "{E1AC551C-F58F-42BB-992B-B2E2FDD6402A}"
EndProject
Project("{9A19103F-16F7-4668-BE54-9A1E7A4F7556}") = "CBT_UI", "CBT3_Presentation\CBT_UI\CBT_UI.csproj", "{603769FC-B43D-434B-A3DE-134614343A84}"
EndProject
Project("{9A19103F-16F7-4668-BE54-9A1E7A4F7556}") = "CBT_Browser", "CBT_Browser\CBT_Browser.csproj", "{400543B9-DD12-4227-A3D9-17649982E1B7}"
EndProject
Project("{9A19103F-16F7-4668-BE54-9A1E7A4F7556}") = "CBT_UI_Dashboard", "CBT3_Presentation\CBT_UI_Dashboard\CBT_UI_Dashboard.csproj", "{839D2A88-B583-4FFE-B0D1-32D6D8A65C23}"
	ProjectSection(ProjectDependencies) = postProject
		{5AB427F8-7BE0-4571-9DD8-2BE6090C5B81} = {5AB427F8-7BE0-4571-9DD8-2BE6090C5B81}
	EndProjectSection
EndProject
Project("{9A19103F-16F7-4668-BE54-9A1E7A4F7556}") = "CBT3_UnitTests", "CBT3_UnitTests\CBT3_UnitTests.csproj", "{5804F87F-F30B-4ADF-B8D3-DFA76278DE43}"
EndProject
Project("{9A19103F-16F7-4668-BE54-9A1E7A4F7556}") = "CBT3_BenchmarksTests", "BenchmarkProject\CBT3_BenchmarksTests.csproj", "{A32A6982-C463-4C2B-BC1C-EE2DB98DBA72}"
EndProject
Global
	GlobalSection(SolutionConfigurationPlatforms) = preSolution
		Debug|Any CPU = Debug|Any CPU
		Release|Any CPU = Release|Any CPU
	EndGlobalSection
	GlobalSection(ProjectConfigurationPlatforms) = postSolution
		{5AB427F8-7BE0-4571-9DD8-2BE6090C5B81}.Debug|Any CPU.ActiveCfg = Debug|Any CPU
		{5AB427F8-7BE0-4571-9DD8-2BE6090C5B81}.Debug|Any CPU.Build.0 = Debug|Any CPU
		{5AB427F8-7BE0-4571-9DD8-2BE6090C5B81}.Release|Any CPU.ActiveCfg = Release|Any CPU
		{5AB427F8-7BE0-4571-9DD8-2BE6090C5B81}.Release|Any CPU.Build.0 = Release|Any CPU
		{468B8E20-E40D-4E3C-8F98-1516EB4D8B0B}.Debug|Any CPU.ActiveCfg = Debug|Any CPU
		{468B8E20-E40D-4E3C-8F98-1516EB4D8B0B}.Debug|Any CPU.Build.0 = Debug|Any CPU
		{468B8E20-E40D-4E3C-8F98-1516EB4D8B0B}.Release|Any CPU.ActiveCfg = Release|Any CPU
		{468B8E20-E40D-4E3C-8F98-1516EB4D8B0B}.Release|Any CPU.Build.0 = Release|Any CPU
		{022D4C06-E656-4EB7-A3F1-4423EA4FF88C}.Debug|Any CPU.ActiveCfg = Debug|Any CPU
		{022D4C06-E656-4EB7-A3F1-4423EA4FF88C}.Debug|Any CPU.Build.0 = Debug|Any CPU
		{022D4C06-E656-4EB7-A3F1-4423EA4FF88C}.Release|Any CPU.ActiveCfg = Release|Any CPU
		{022D4C06-E656-4EB7-A3F1-4423EA4FF88C}.Release|Any CPU.Build.0 = Release|Any CPU
		{E1AC551C-F58F-42BB-992B-B2E2FDD6402A}.Debug|Any CPU.ActiveCfg = Debug|Any CPU
		{E1AC551C-F58F-42BB-992B-B2E2FDD6402A}.Debug|Any CPU.Build.0 = Debug|Any CPU
		{E1AC551C-F58F-42BB-992B-B2E2FDD6402A}.Release|Any CPU.ActiveCfg = Release|Any CPU
		{E1AC551C-F58F-42BB-992B-B2E2FDD6402A}.Release|Any CPU.Build.0 = Release|Any CPU
		{603769FC-B43D-434B-A3DE-134614343A84}.Debug|Any CPU.ActiveCfg = Debug|Any CPU
		{603769FC-B43D-434B-A3DE-134614343A84}.Debug|Any CPU.Build.0 = Debug|Any CPU
		{603769FC-B43D-434B-A3DE-134614343A84}.Release|Any CPU.ActiveCfg = Release|Any CPU
		{603769FC-B43D-434B-A3DE-134614343A84}.Release|Any CPU.Build.0 = Release|Any CPU
		{400543B9-DD12-4227-A3D9-17649982E1B7}.Debug|Any CPU.ActiveCfg = Debug|Any CPU
		{400543B9-DD12-4227-A3D9-17649982E1B7}.Debug|Any CPU.Build.0 = Debug|Any CPU
		{400543B9-DD12-4227-A3D9-17649982E1B7}.Release|Any CPU.ActiveCfg = Release|Any CPU
		{400543B9-DD12-4227-A3D9-17649982E1B7}.Release|Any CPU.Build.0 = Release|Any CPU
		{839D2A88-B583-4FFE-B0D1-32D6D8A65C23}.Debug|Any CPU.ActiveCfg = Debug|Any CPU
		{839D2A88-B583-4FFE-B0D1-32D6D8A65C23}.Debug|Any CPU.Build.0 = Debug|Any CPU
		{839D2A88-B583-4FFE-B0D1-32D6D8A65C23}.Release|Any CPU.ActiveCfg = Release|Any CPU
		{839D2A88-B583-4FFE-B0D1-32D6D8A65C23}.Release|Any CPU.Build.0 = Release|Any CPU
		{5804F87F-F30B-4ADF-B8D3-DFA76278DE43}.Debug|Any CPU.ActiveCfg = Debug|Any CPU
		{5804F87F-F30B-4ADF-B8D3-DFA76278DE43}.Debug|Any CPU.Build.0 = Debug|Any CPU
		{5804F87F-F30B-4ADF-B8D3-DFA76278DE43}.Release|Any CPU.ActiveCfg = Release|Any CPU
		{5804F87F-F30B-4ADF-B8D3-DFA76278DE43}.Release|Any CPU.Build.0 = Release|Any CPU
		{A32A6982-C463-4C2B-BC1C-EE2DB98DBA72}.Debug|Any CPU.ActiveCfg = Debug|Any CPU
		{A32A6982-C463-4C2B-BC1C-EE2DB98DBA72}.Debug|Any CPU.Build.0 = Debug|Any CPU
		{A32A6982-C463-4C2B-BC1C-EE2DB98DBA72}.Release|Any CPU.ActiveCfg = Release|Any CPU
		{A32A6982-C463-4C2B-BC1C-EE2DB98DBA72}.Release|Any CPU.Build.0 = Release|Any CPU
	EndGlobalSection
	GlobalSection(SolutionProperties) = preSolution
		HideSolutionNode = FALSE
	EndGlobalSection
	GlobalSection(NestedProjects) = preSolution
		{657FA252-A813-4096-B5BC-736EAB9E1D57} = {69E1C783-EE49-4422-B627-0B542F4508D8}
		{2F4FC3A2-EDD1-4D0E-866C-C9BDC278B2A2} = {69E1C783-EE49-4422-B627-0B542F4508D8}
		{A3673D90-ADA2-48AF-9376-C025E58F0876} = {69E1C783-EE49-4422-B627-0B542F4508D8}
		{35505506-64E2-4C9C-8F66-63150D664142} = {69E1C783-EE49-4422-B627-0B542F4508D8}
		{5AB427F8-7BE0-4571-9DD8-2BE6090C5B81} = {657FA252-A813-4096-B5BC-736EAB9E1D57}
		{468B8E20-E40D-4E3C-8F98-1516EB4D8B0B} = {2F4FC3A2-EDD1-4D0E-866C-C9BDC278B2A2}
		{022D4C06-E656-4EB7-A3F1-4423EA4FF88C} = {A3673D90-ADA2-48AF-9376-C025E58F0876}
		{1EB45269-6D33-4965-BEE0-3C25D7FE05AD} = {69E1C783-EE49-4422-B627-0B542F4508D8}
		{E1AC551C-F58F-42BB-992B-B2E2FDD6402A} = {1EB45269-6D33-4965-BEE0-3C25D7FE05AD}
		{603769FC-B43D-434B-A3DE-134614343A84} = {35505506-64E2-4C9C-8F66-63150D664142}
		{400543B9-DD12-4227-A3D9-17649982E1B7} = {35505506-64E2-4C9C-8F66-63150D664142}
		{839D2A88-B583-4FFE-B0D1-32D6D8A65C23} = {35505506-64E2-4C9C-8F66-63150D664142}
		{5804F87F-F30B-4ADF-B8D3-DFA76278DE43} = {CB63A337-2B2D-4C14-9BE8-C62B3E52089D}
		{A32A6982-C463-4C2B-BC1C-EE2DB98DBA72} = {35505506-64E2-4C9C-8F66-63150D664142}
	EndGlobalSection
	GlobalSection(ExtensibilityGlobals) = postSolution
		SolutionGuid = {FA00CD6C-50A6-478F-927F-B9E1A96A2D14}
	EndGlobalSection
EndGlobal
