
Microsoft Visual Studio Solution File, Format Version 12.00
# Visual Studio Version 17
VisualStudioVersion = 17.8.34511.84
MinimumVisualStudioVersion = 10.0.40219.1
Project("{2150E333-8FDC-42A3-9474-1A3956D46DE8}") = "Application", "Application", "{657FA252-A813-4096-B5BC-736EAB9E1D57}"
EndProject
Project("{2150E333-8FDC-42A3-9474-1A3956D46DE8}") = "Domain", "Domain", "{2F4FC3A2-EDD1-4D0E-866C-C9BDC278B2A2}"
EndProject
Project("{2150E333-8FDC-42A3-9474-1A3956D46DE8}") = "src", "src", "{69E1C783-EE49-4422-B627-0B542F4508D8}"
EndProject
Project("{2150E333-8FDC-42A3-9474-1A3956D46DE8}") = "Infrastructure", "Infrastructure", "{A3673D90-ADA2-48AF-9376-C025E58F0876}"
EndProject
Project("{2150E333-8FDC-42A3-9474-1A3956D46DE8}") = "tests", "tests", "{CB63A337-2B2D-4C14-9BE8-C62B3E52089D}"
EndProject
Project("{2150E333-8FDC-42A3-9474-1A3956D46DE8}") = "Shared", "Shared", "{1EB45269-6D33-4965-BEE0-3C25D7FE05AD}"
EndProject
Project("{2150E333-8FDC-42A3-9474-1A3956D46DE8}") = "solution_base", "solution_base", "{02EA681E-C7D8-13C7-8484-4AC65E1B71E8}"
EndProject
Project("{FAE04EC0-301F-11D3-BF4B-00C04F79EFBC}") = "Application", "Application\Application.csproj", "{4BC83EB1-EF65-5B65-FFAE-E110D4B39941}"
EndProject
Project("{FAE04EC0-301F-11D3-BF4B-00C04F79EFBC}") = "Domain", "Domain\Domain.csproj", "{A88B52E4-CCF6-3BD9-6614-228AF1D4BC15}"
EndProject
Project("{FAE04EC0-301F-11D3-BF4B-00C04F79EFBC}") = "Infrastructure", "Infrastructure\Infrastructure.csproj", "{FDC40B41-5977-0A24-45E5-743DFE97692C}"
EndProject
Project("{FAE04EC0-301F-11D3-BF4B-00C04F79EFBC}") = "Shared", "Shared\Shared.csproj", "{F2F4EB52-C6EB-CEBC-B264-83095D093139}"
EndProject
Project("{2150E333-8FDC-42A3-9474-1A3956D46DE8}") = "Presentation", "Presentation", "{67E0A2F5-DB99-49DA-98DF-49247404EB91}"
EndProject
Project("{FAE04EC0-301F-11D3-BF4B-00C04F79EFBC}") = "SMS", "SMS_Presentation\SMS.csproj", "{257085E0-D615-36C2-5203-B083ED824D87}"
EndProject
Project("{FAE04EC0-301F-11D3-BF4B-00C04F79EFBC}") = "PasswordGenerator", "PasswordGenerator\PasswordGenerator.csproj", "{E17C543D-DA69-4643-80A9-1182777ABA57}"
EndProject
Project("{FAE04EC0-301F-11D3-BF4B-00C04F79EFBC}") = "SMS_Blazor", "SMS_Blazor\SMS_Blazor.csproj", "{15547A69-C213-4E8E-BC4C-EE2399116051}"
EndProject
Global
	GlobalSection(SolutionConfigurationPlatforms) = preSolution
		Debug|Any CPU = Debug|Any CPU
		Release|Any CPU = Release|Any CPU
	EndGlobalSection
	GlobalSection(ProjectConfigurationPlatforms) = postSolution
		{4BC83EB1-EF65-5B65-FFAE-E110D4B39941}.Debug|Any CPU.ActiveCfg = Debug|Any CPU
		{4BC83EB1-EF65-5B65-FFAE-E110D4B39941}.Debug|Any CPU.Build.0 = Debug|Any CPU
		{4BC83EB1-EF65-5B65-FFAE-E110D4B39941}.Release|Any CPU.ActiveCfg = Release|Any CPU
		{4BC83EB1-EF65-5B65-FFAE-E110D4B39941}.Release|Any CPU.Build.0 = Release|Any CPU
		{A88B52E4-CCF6-3BD9-6614-228AF1D4BC15}.Debug|Any CPU.ActiveCfg = Debug|Any CPU
		{A88B52E4-CCF6-3BD9-6614-228AF1D4BC15}.Debug|Any CPU.Build.0 = Debug|Any CPU
		{A88B52E4-CCF6-3BD9-6614-228AF1D4BC15}.Release|Any CPU.ActiveCfg = Release|Any CPU
		{A88B52E4-CCF6-3BD9-6614-228AF1D4BC15}.Release|Any CPU.Build.0 = Release|Any CPU
		{FDC40B41-5977-0A24-45E5-743DFE97692C}.Debug|Any CPU.ActiveCfg = Debug|Any CPU
		{FDC40B41-5977-0A24-45E5-743DFE97692C}.Debug|Any CPU.Build.0 = Debug|Any CPU
		{FDC40B41-5977-0A24-45E5-743DFE97692C}.Release|Any CPU.ActiveCfg = Release|Any CPU
		{FDC40B41-5977-0A24-45E5-743DFE97692C}.Release|Any CPU.Build.0 = Release|Any CPU
		{F2F4EB52-C6EB-CEBC-B264-83095D093139}.Debug|Any CPU.ActiveCfg = Debug|Any CPU
		{F2F4EB52-C6EB-CEBC-B264-83095D093139}.Debug|Any CPU.Build.0 = Debug|Any CPU
		{F2F4EB52-C6EB-CEBC-B264-83095D093139}.Release|Any CPU.ActiveCfg = Release|Any CPU
		{F2F4EB52-C6EB-CEBC-B264-83095D093139}.Release|Any CPU.Build.0 = Release|Any CPU
		{257085E0-D615-36C2-5203-B083ED824D87}.Debug|Any CPU.ActiveCfg = Debug|Any CPU
		{257085E0-D615-36C2-5203-B083ED824D87}.Debug|Any CPU.Build.0 = Debug|Any CPU
		{257085E0-D615-36C2-5203-B083ED824D87}.Release|Any CPU.ActiveCfg = Release|Any CPU
		{257085E0-D615-36C2-5203-B083ED824D87}.Release|Any CPU.Build.0 = Release|Any CPU
		{E17C543D-DA69-4643-80A9-1182777ABA57}.Debug|Any CPU.ActiveCfg = Debug|Any CPU
		{E17C543D-DA69-4643-80A9-1182777ABA57}.Debug|Any CPU.Build.0 = Debug|Any CPU
		{E17C543D-DA69-4643-80A9-1182777ABA57}.Release|Any CPU.ActiveCfg = Release|Any CPU
		{E17C543D-DA69-4643-80A9-1182777ABA57}.Release|Any CPU.Build.0 = Release|Any CPU
		{15547A69-C213-4E8E-BC4C-EE2399116051}.Debug|Any CPU.ActiveCfg = Debug|Any CPU
		{15547A69-C213-4E8E-BC4C-EE2399116051}.Debug|Any CPU.Build.0 = Debug|Any CPU
		{15547A69-C213-4E8E-BC4C-EE2399116051}.Release|Any CPU.ActiveCfg = Release|Any CPU
		{15547A69-C213-4E8E-BC4C-EE2399116051}.Release|Any CPU.Build.0 = Release|Any CPU
	EndGlobalSection
	GlobalSection(SolutionProperties) = preSolution
		HideSolutionNode = FALSE
	EndGlobalSection
	GlobalSection(NestedProjects) = preSolution
		{657FA252-A813-4096-B5BC-736EAB9E1D57} = {69E1C783-EE49-4422-B627-0B542F4508D8}
		{2F4FC3A2-EDD1-4D0E-866C-C9BDC278B2A2} = {69E1C783-EE49-4422-B627-0B542F4508D8}
		{A3673D90-ADA2-48AF-9376-C025E58F0876} = {69E1C783-EE49-4422-B627-0B542F4508D8}
		{1EB45269-6D33-4965-BEE0-3C25D7FE05AD} = {69E1C783-EE49-4422-B627-0B542F4508D8}
		{4BC83EB1-EF65-5B65-FFAE-E110D4B39941} = {657FA252-A813-4096-B5BC-736EAB9E1D57}
		{A88B52E4-CCF6-3BD9-6614-228AF1D4BC15} = {2F4FC3A2-EDD1-4D0E-866C-C9BDC278B2A2}
		{FDC40B41-5977-0A24-45E5-743DFE97692C} = {A3673D90-ADA2-48AF-9376-C025E58F0876}
		{F2F4EB52-C6EB-CEBC-B264-83095D093139} = {1EB45269-6D33-4965-BEE0-3C25D7FE05AD}
		{67E0A2F5-DB99-49DA-98DF-49247404EB91} = {69E1C783-EE49-4422-B627-0B542F4508D8}
		{257085E0-D615-36C2-5203-B083ED824D87} = {67E0A2F5-DB99-49DA-98DF-49247404EB91}
		{E17C543D-DA69-4643-80A9-1182777ABA57} = {CB63A337-2B2D-4C14-9BE8-C62B3E52089D}
		{15547A69-C213-4E8E-BC4C-EE2399116051} = {67E0A2F5-DB99-49DA-98DF-49247404EB91}
	EndGlobalSection
	GlobalSection(ExtensibilityGlobals) = postSolution
		SolutionGuid = {FA00CD6C-50A6-478F-927F-B9E1A96A2D14}
	EndGlobalSection
EndGlobal
